
Microsoft Visual Studio Solution File, Format Version 12.00
# Visual Studio 15
VisualStudioVersion = 15.0.26730.12
MinimumVisualStudioVersion = 10.0.40219.1
Project("{9A19103F-16F7-4668-BE54-9A1E7A4F7556}") = "ski-jumping-points-calculator", "ski-jumping-points-calculator\ski-jumping-points-calculator.csproj", "{C0B65ACB-7009-40F7-96AC-606695A95092}"
EndProject
Project("{FAE04EC0-301F-11D3-BF4B-00C04F79EFBC}") = "TestUtility", "TestUtility\TestUtility.csproj", "{6A455D1C-7163-4221-8BB9-49F09498217D}"
EndProject
Global
	GlobalSection(SolutionConfigurationPlatforms) = preSolution
		Debug|Any CPU = Debug|Any CPU
		Release|Any CPU = Release|Any CPU
	EndGlobalSection
	GlobalSection(ProjectConfigurationPlatforms) = postSolution
		{C0B65ACB-7009-40F7-96AC-606695A95092}.Debug|Any CPU.ActiveCfg = Debug|Any CPU
		{C0B65ACB-7009-40F7-96AC-606695A95092}.Debug|Any CPU.Build.0 = Debug|Any CPU
		{C0B65ACB-7009-40F7-96AC-606695A95092}.Release|Any CPU.ActiveCfg = Release|Any CPU
		{C0B65ACB-7009-40F7-96AC-606695A95092}.Release|Any CPU.Build.0 = Release|Any CPU
		{6A455D1C-7163-4221-8BB9-49F09498217D}.Debug|Any CPU.ActiveCfg = Debug|Any CPU
		{6A455D1C-7163-4221-8BB9-49F09498217D}.Debug|Any CPU.Build.0 = Debug|Any CPU
		{6A455D1C-7163-4221-8BB9-49F09498217D}.Release|Any CPU.ActiveCfg = Release|Any CPU
		{6A455D1C-7163-4221-8BB9-49F09498217D}.Release|Any CPU.Build.0 = Release|Any CPU
	EndGlobalSection
	GlobalSection(SolutionProperties) = preSolution
		HideSolutionNode = FALSE
	EndGlobalSection
	GlobalSection(ExtensibilityGlobals) = postSolution
		SolutionGuid = {A6C509F7-C756-4524-8623-8D6CCB69312E}
	EndGlobalSection
EndGlobal
